
Microsoft Visual Studio Solution File, Format Version 12.00
# Visual Studio Version 17
VisualStudioVersion = 17.12.35323.107
MinimumVisualStudioVersion = 10.0.40219.1
Project("{FAE04EC0-301F-11D3-BF4B-00C04F79EFBC}") = "SRITS", "SRITS\SRITS.csproj", "{E32DCB63-FFF0-46F3-9642-772DCF1B39E2}"
EndProject
Global
	GlobalSection(SolutionConfigurationPlatforms) = preSolution
		Debug|Any CPU = Debug|Any CPU
		Release|Any CPU = Release|Any CPU
	EndGlobalSection
	GlobalSection(ProjectConfigurationPlatforms) = postSolution
		{E32DCB63-FFF0-46F3-9642-772DCF1B39E2}.Debug|Any CPU.ActiveCfg = Debug|Any CPU
		{E32DCB63-FFF0-46F3-9642-772DCF1B39E2}.Debug|Any CPU.Build.0 = Debug|Any CPU
		{E32DCB63-FFF0-46F3-9642-772DCF1B39E2}.Debug|Any CPU.Deploy.0 = Debug|Any CPU
		{E32DCB63-FFF0-46F3-9642-772DCF1B39E2}.Release|Any CPU.ActiveCfg = Release|Any CPU
		{E32DCB63-FFF0-46F3-9642-772DCF1B39E2}.Release|Any CPU.Build.0 = Release|Any CPU
		{E32DCB63-FFF0-46F3-9642-772DCF1B39E2}.Release|Any CPU.Deploy.0 = Release|Any CPU
	EndGlobalSection
	GlobalSection(SolutionProperties) = preSolution
		HideSolutionNode = FALSE
	EndGlobalSection
	GlobalSection(ExtensibilityGlobals) = postSolution
		SolutionGuid = {5AB2BDE9-BB77-4CF1-90BC-9AB770ACAD5C}
	EndGlobalSection
EndGlobal
